
Microsoft Visual Studio Solution File, Format Version 12.00
# Visual Studio Version 16
VisualStudioVersion = 16.0.29102.190
MinimumVisualStudioVersion = 10.0.40219.1
Project("{FAE04EC0-301F-11D3-BF4B-00C04F79EFBC}") = "KnapsackTB", "KnapsackTB.csproj", "{ADC1A34A-3CAB-47D1-BA2B-BD42B31D3098}"
EndProject
Global
	GlobalSection(SolutionConfigurationPlatforms) = preSolution
		Debug|Any CPU = Debug|Any CPU
		Release|Any CPU = Release|Any CPU
	EndGlobalSection
	GlobalSection(ProjectConfigurationPlatforms) = postSolution
		{ADC1A34A-3CAB-47D1-BA2B-BD42B31D3098}.Debug|Any CPU.ActiveCfg = Debug|Any CPU
		{ADC1A34A-3CAB-47D1-BA2B-BD42B31D3098}.Debug|Any CPU.Build.0 = Debug|Any CPU
		{ADC1A34A-3CAB-47D1-BA2B-BD42B31D3098}.Release|Any CPU.ActiveCfg = Release|Any CPU
		{ADC1A34A-3CAB-47D1-BA2B-BD42B31D3098}.Release|Any CPU.Build.0 = Release|Any CPU
	EndGlobalSection
	GlobalSection(SolutionProperties) = preSolution
		HideSolutionNode = FALSE
	EndGlobalSection
	GlobalSection(ExtensibilityGlobals) = postSolution
		SolutionGuid = {5896D858-9EF2-4316-B860-FC6CCDB5E502}
	EndGlobalSection
EndGlobal
